// !$*UTF8*$!
{
	archiveVersion = 1;
	classes = {
	};
	objectVersion = 46;
	objects = {

/* Begin PBXBuildFile section */
		9CE863921B80199B00E1977C /* main.m in Sources */ = {isa = PBXBuildFile; fileRef = 9CE863911B80199B00E1977C /* main.m */; };
		9CE8639D1B80199B00E1977C /* Images.xcassets in Resources */ = {isa = PBXBuildFile; fileRef = 9CE8639C1B80199B00E1977C /* Images.xcassets */; };
		9CE863A01B80199B00E1977C /* LaunchScreen.xib in Resources */ = {isa = PBXBuildFile; fileRef = 9CE8639E1B80199B00E1977C /* LaunchScreen.xib */; };
		9CE863AC1B80199B00E1977C /* HMBTestDomeTests.m in Sources */ = {isa = PBXBuildFile; fileRef = 9CE863AB1B80199B00E1977C /* HMBTestDomeTests.m */; };
		9CE863BB1B8019C300E1977C /* ZOPHomePageTableViewCell.m in Sources */ = {isa = PBXBuildFile; fileRef = 9CE863B61B8019C300E1977C /* ZOPHomePageTableViewCell.m */; };
		9CE863BC1B8019C300E1977C /* ZOPHomePageTitleView.m in Sources */ = {isa = PBXBuildFile; fileRef = 9CE863B81B8019C300E1977C /* ZOPHomePageTitleView.m */; };
		9CE863BD1B8019C300E1977C /* ZOPHomePageViewController.m in Sources */ = {isa = PBXBuildFile; fileRef = 9CE863BA1B8019C300E1977C /* ZOPHomePageViewController.m */; };
		9CE863C01B8019D300E1977C /* AppDelegate.m in Sources */ = {isa = PBXBuildFile; fileRef = 9CE863BF1B8019D300E1977C /* AppDelegate.m */; };
/* End PBXBuildFile section */

/* Begin PBXContainerItemProxy section */
		9CE863A61B80199B00E1977C /* PBXContainerItemProxy */ = {
			isa = PBXContainerItemProxy;
			containerPortal = 9CE863841B80199B00E1977C /* Project object */;
			proxyType = 1;
			remoteGlobalIDString = 9CE8638B1B80199B00E1977C;
			remoteInfo = HMBTestDome;
		};
/* End PBXContainerItemProxy section */

/* Begin PBXFileReference section */
		9CE8638C1B80199B00E1977C /* HMBTestDome.app */ = {isa = PBXFileReference; explicitFileType = wrapper.application; includeInIndex = 0; path = HMBTestDome.app; sourceTree = BUILT_PRODUCTS_DIR; };
		9CE863901B80199B00E1977C /* Info.plist */ = {isa = PBXFileReference; lastKnownFileType = text.plist.xml; path = Info.plist; sourceTree = "<group>"; };
		9CE863911B80199B00E1977C /* main.m */ = {isa = PBXFileReference; lastKnownFileType = sourcecode.c.objc; path = main.m; sourceTree = "<group>"; };
		9CE8639C1B80199B00E1977C /* Images.xcassets */ = {isa = PBXFileReference; lastKnownFileType = folder.assetcatalog; path = Images.xcassets; sourceTree = "<group>"; };
		9CE8639F1B80199B00E1977C /* Base */ = {isa = PBXFileReference; lastKnownFileType = file.xib; name = Base; path = Base.lproj/LaunchScreen.xib; sourceTree = "<group>"; };
		9CE863A51B80199B00E1977C /* HMBTestDomeTests.xctest */ = {isa = PBXFileReference; explicitFileType = wrapper.cfbundle; includeInIndex = 0; path = HMBTestDomeTests.xctest; sourceTree = BUILT_PRODUCTS_DIR; };
		9CE863AA1B80199B00E1977C /* Info.plist */ = {isa = PBXFileReference; lastKnownFileType = text.plist.xml; path = Info.plist; sourceTree = "<group>"; };
		9CE863AB1B80199B00E1977C /* HMBTestDomeTests.m */ = {isa = PBXFileReference; lastKnownFileType = sourcecode.c.objc; path = HMBTestDomeTests.m; sourceTree = "<group>"; };
		9CE863B51B8019C300E1977C /* ZOPHomePageTableViewCell.h */ = {isa = PBXFileReference; fileEncoding = 4; lastKnownFileType = sourcecode.c.h; path = ZOPHomePageTableViewCell.h; sourceTree = "<group>"; };
		9CE863B61B8019C300E1977C /* ZOPHomePageTableViewCell.m */ = {isa = PBXFileReference; fileEncoding = 4; lastKnownFileType = sourcecode.c.objc; path = ZOPHomePageTableViewCell.m; sourceTree = "<group>"; };
		9CE863B71B8019C300E1977C /* ZOPHomePageTitleView.h */ = {isa = PBXFileReference; fileEncoding = 4; lastKnownFileType = sourcecode.c.h; path = ZOPHomePageTitleView.h; sourceTree = "<group>"; };
		9CE863B81B8019C300E1977C /* ZOPHomePageTitleView.m */ = {isa = PBXFileReference; fileEncoding = 4; lastKnownFileType = sourcecode.c.objc; path = ZOPHomePageTitleView.m; sourceTree = "<group>"; };
		9CE863B91B8019C300E1977C /* ZOPHomePageViewController.h */ = {isa = PBXFileReference; fileEncoding = 4; lastKnownFileType = sourcecode.c.h; path = ZOPHomePageViewController.h; sourceTree = "<group>"; };
		9CE863BA1B8019C300E1977C /* ZOPHomePageViewController.m */ = {isa = PBXFileReference; fileEncoding = 4; lastKnownFileType = sourcecode.c.objc; path = ZOPHomePageViewController.m; sourceTree = "<group>"; };
		9CE863BE1B8019D300E1977C /* AppDelegate.h */ = {isa = PBXFileReference; fileEncoding = 4; lastKnownFileType = sourcecode.c.h; path = AppDelegate.h; sourceTree = "<group>"; };
		9CE863BF1B8019D300E1977C /* AppDelegate.m */ = {isa = PBXFileReference; fileEncoding = 4; lastKnownFileType = sourcecode.c.objc; path = AppDelegate.m; sourceTree = "<group>"; };
/* End PBXFileReference section */

/* Begin PBXFrameworksBuildPhase section */
		9CE863891B80199B00E1977C /* Frameworks */ = {
			isa = PBXFrameworksBuildPhase;
			buildActionMask = 2147483647;
			files = (
			);
			runOnlyForDeploymentPostprocessing = 0;
		};
		9CE863A21B80199B00E1977C /* Frameworks */ = {
			isa = PBXFrameworksBuildPhase;
			buildActionMask = 2147483647;
			files = (
			);
			runOnlyForDeploymentPostprocessing = 0;
		};
/* End PBXFrameworksBuildPhase section */

/* Begin PBXGroup section */
		9CE863831B80199B00E1977C = {
			isa = PBXGroup;
			children = (
				9CE8638E1B80199B00E1977C /* HMBTestDome */,
				9CE863A81B80199B00E1977C /* HMBTestDomeTests */,
				9CE8638D1B80199B00E1977C /* Products */,
			);
			sourceTree = "<group>";
		};
		9CE8638D1B80199B00E1977C /* Products */ = {
			isa = PBXGroup;
			children = (
				9CE8638C1B80199B00E1977C /* HMBTestDome.app */,
				9CE863A51B80199B00E1977C /* HMBTestDomeTests.xctest */,
			);
			name = Products;
			sourceTree = "<group>";
		};
		9CE8638E1B80199B00E1977C /* HMBTestDome */ = {
			isa = PBXGroup;
			children = (
				9CE863BE1B8019D300E1977C /* AppDelegate.h */,
				9CE863BF1B8019D300E1977C /* AppDelegate.m */,
				9CE863B51B8019C300E1977C /* ZOPHomePageTableViewCell.h */,
				9CE863B61B8019C300E1977C /* ZOPHomePageTableViewCell.m */,
				9CE863B71B8019C300E1977C /* ZOPHomePageTitleView.h */,
				9CE863B81B8019C300E1977C /* ZOPHomePageTitleView.m */,
				9CE863B91B8019C300E1977C /* ZOPHomePageViewController.h */,
				9CE863BA1B8019C300E1977C /* ZOPHomePageViewController.m */,
				9CE8639C1B80199B00E1977C /* Images.xcassets */,
				9CE8638F1B80199B00E1977C /* Supporting Files */,
			);
			path = HMBTestDome;
			sourceTree = "<group>";
		};
		9CE8638F1B80199B00E1977C /* Supporting Files */ = {
			isa = PBXGroup;
			children = (
				9CE8639E1B80199B00E1977C /* LaunchScreen.xib */,
				9CE863901B80199B00E1977C /* Info.plist */,
				9CE863911B80199B00E1977C /* main.m */,
			);
			name = "Supporting Files";
			sourceTree = "<group>";
		};
		9CE863A81B80199B00E1977C /* HMBTestDomeTests */ = {
			isa = PBXGroup;
			children = (
				9CE863AB1B80199B00E1977C /* HMBTestDomeTests.m */,
				9CE863A91B80199B00E1977C /* Supporting Files */,
			);
			path = HMBTestDomeTests;
			sourceTree = "<group>";
		};
		9CE863A91B80199B00E1977C /* Supporting Files */ = {
			isa = PBXGroup;
			children = (
				9CE863AA1B80199B00E1977C /* Info.plist */,
			);
			name = "Supporting Files";
			sourceTree = "<group>";
		};
/* End PBXGroup section */

/* Begin PBXNativeTarget section */
		9CE8638B1B80199B00E1977C /* HMBTestDome */ = {
			isa = PBXNativeTarget;
			buildConfigurationList = 9CE863AF1B80199B00E1977C /* Build configuration list for PBXNativeTarget "HMBTestDome" */;
			buildPhases = (
				9CE863881B80199B00E1977C /* Sources */,
				9CE863891B80199B00E1977C /* Frameworks */,
				9CE8638A1B80199B00E1977C /* Resources */,
			);
			buildRules = (
			);
			dependencies = (
			);
			name = HMBTestDome;
			productName = HMBTestDome;
			productReference = 9CE8638C1B80199B00E1977C /* HMBTestDome.app */;
			productType = "com.apple.product-type.application";
		};
		9CE863A41B80199B00E1977C /* HMBTestDomeTests */ = {
			isa = PBXNativeTarget;
			buildConfigurationList = 9CE863B21B80199B00E1977C /* Build configuration list for PBXNativeTarget "HMBTestDomeTests" */;
			buildPhases = (
				9CE863A11B80199B00E1977C /* Sources */,
				9CE863A21B80199B00E1977C /* Frameworks */,
				9CE863A31B80199B00E1977C /* Resources */,
			);
			buildRules = (
			);
			dependencies = (
				9CE863A71B80199B00E1977C /* PBXTargetDependency */,
			);
			name = HMBTestDomeTests;
			productName = HMBTestDomeTests;
			productReference = 9CE863A51B80199B00E1977C /* HMBTestDomeTests.xctest */;
			productType = "com.apple.product-type.bundle.unit-test";
		};
/* End PBXNativeTarget section */

/* Begin PBXProject section */
		9CE863841B80199B00E1977C /* Project object */ = {
			isa = PBXProject;
			attributes = {
				LastUpgradeCheck = 0640;
				ORGANIZATIONNAME = huangmubin;
				TargetAttributes = {
					9CE8638B1B80199B00E1977C = {
						CreatedOnToolsVersion = 6.4;
					};
					9CE863A41B80199B00E1977C = {
						CreatedOnToolsVersion = 6.4;
						TestTargetID = 9CE8638B1B80199B00E1977C;
					};
				};
			};
			buildConfigurationList = 9CE863871B80199B00E1977C /* Build configuration list for PBXProject "HMBTestDome" */;
			compatibilityVersion = "Xcode 3.2";
			developmentRegion = English;
			hasScannedForEncodings = 0;
			knownRegions = (
				en,
				Base,
			);
			mainGroup = 9CE863831B80199B00E1977C;
			productRefGroup = 9CE8638D1B80199B00E1977C /* Products */;
			projectDirPath = "";
			projectRoot = "";
			targets = (
				9CE8638B1B80199B00E1977C /* HMBTestDome */,
				9CE863A41B80199B00E1977C /* HMBTestDomeTests */,
			);
		};
/* End PBXProject section */

/* Begin PBXResourcesBuildPhase section */
		9CE8638A1B80199B00E1977C /* Resources */ = {
			isa = PBXResourcesBuildPhase;
			buildActionMask = 2147483647;
			files = (
				9CE863A01B80199B00E1977C /* LaunchScreen.xib in Resources */,
				9CE8639D1B80199B00E1977C /* Images.xcassets in Resources */,
			);
			runOnlyForDeploymentPostprocessing = 0;
		};
		9CE863A31B80199B00E1977C /* Resources */ = {
			isa = PBXResourcesBuildPhase;
			buildActionMask = 2147483647;
			files = (
			);
			runOnlyForDeploymentPostprocessing = 0;
		};
/* End PBXResourcesBuildPhase section */

/* Begin PBXSourcesBuildPhase section */
		9CE863881B80199B00E1977C /* Sources */ = {
			isa = PBXSourcesBuildPhase;
			buildActionMask = 2147483647;
			files = (
				9CE863BD1B8019C300E1977C /* ZOPHomePageViewController.m in Sources */,
				9CE863921B80199B00E1977C /* main.m in Sources */,
				9CE863BB1B8019C300E1977C /* ZOPHomePageTableViewCell.m in Sources */,
				9CE863BC1B8019C300E1977C /* ZOPHomePageTitleView.m in Sources */,
				9CE863C01B8019D300E1977C /* AppDelegate.m in Sources */,
			);
			runOnlyForDeploymentPostprocessing = 0;
		};
		9CE863A11B80199B00E1977C /* Sources */ = {
			isa = PBXSourcesBuildPhase;
			buildActionMask = 2147483647;
			files = (
				9CE863AC1B80199B00E1977C /* HMBTestDomeTests.m in Sources */,
			);
			runOnlyForDeploymentPostprocessing = 0;
		};
/* End PBXSourcesBuildPhase section */

/* Begin PBXTargetDependency section */
		9CE863A71B80199B00E1977C /* PBXTargetDependency */ = {
			isa = PBXTargetDependency;
			target = 9CE8638B1B80199B00E1977C /* HMBTestDome */;
			targetProxy = 9CE863A61B80199B00E1977C /* PBXContainerItemProxy */;
		};
/* End PBXTargetDependency section */

/* Begin PBXVariantGroup section */
		9CE8639E1B80199B00E1977C /* LaunchScreen.xib */ = {
			isa = PBXVariantGroup;
			children = (
				9CE8639F1B80199B00E1977C /* Base */,
			);
			name = LaunchScreen.xib;
			sourceTree = "<group>";
		};
/* End PBXVariantGroup section */

/* Begin XCBuildConfiguration section */
		9CE863AD1B80199B00E1977C /* Debug */ = {
			isa = XCBuildConfiguration;
			buildSettings = {
				ALWAYS_SEARCH_USER_PATHS = NO;
				CLANG_CXX_LANGUAGE_STANDARD = "gnu++0x";
				CLANG_CXX_LIBRARY = "libc++";
				CLANG_ENABLE_MODULES = YES;
				CLANG_ENABLE_OBJC_ARC = YES;
				CLANG_WARN_BOOL_CONVERSION = YES;
				CLANG_WARN_CONSTANT_CONVERSION = YES;
				CLANG_WARN_DIRECT_OBJC_ISA_USAGE = YES_ERROR;
				CLANG_WARN_EMPTY_BODY = YES;
				CLANG_WARN_ENUM_CONVERSION = YES;
				CLANG_WARN_INT_CONVERSION = YES;
				CLANG_WARN_OBJC_ROOT_CLASS = YES_ERROR;
				CLANG_WARN_UNREACHABLE_CODE = YES;
				CLANG_WARN__DUPLICATE_METHOD_MATCH = YES;
				"CODE_SIGN_IDENTITY[sdk=iphoneos*]" = "iPhone Developer";
				COPY_PHASE_STRIP = NO;
				DEBUG_INFORMATION_FORMAT = "dwarf-with-dsym";
				ENABLE_STRICT_OBJC_MSGSEND = YES;
				GCC_C_LANGUAGE_STANDARD = gnu99;
				GCC_DYNAMIC_NO_PIC = NO;
				GCC_NO_COMMON_BLOCKS = YES;
				GCC_OPTIMIZATION_LEVEL = 0;
				GCC_PREPROCESSOR_DEFINITIONS = (
					"DEBUG=1",
					"$(inherited)",
				);
				GCC_SYMBOLS_PRIVATE_EXTERN = NO;
				GCC_WARN_64_TO_32_BIT_CONVERSION = YES;
				GCC_WARN_ABOUT_RETURN_TYPE = YES_ERROR;
				GCC_WARN_UNDECLARED_SELECTOR = YES;
				GCC_WARN_UNINITIALIZED_AUTOS = YES_AGGRESSIVE;
				GCC_WARN_UNUSED_FUNCTION = YES;
				GCC_WARN_UNUSED_VARIABLE = YES;
				IPHONEOS_DEPLOYMENT_TARGET = 8.4;
				MTL_ENABLE_DEBUG_INFO = YES;
				ONLY_ACTIVE_ARCH = YES;
				SDKROOT = iphoneos;
				TARGETED_DEVICE_FAMILY = "1,2";
			};
			name = Debug;
		};
		9CE863AE1B80199B00E1977C /* Release */ = {
			isa = XCBuildConfiguration;
			buildSettings = {
				ALWAYS_SEARCH_USER_PATHS = NO;
				CLANG_CXX_LANGUAGE_STANDARD = "gnu++0x";
				CLANG_CXX_LIBRARY = "libc++";
				CLANG_ENABLE_MODULES = YES;
				CLANG_ENABLE_OBJC_ARC = YES;
				CLANG_WARN_BOOL_CONVERSION = YES;
				CLANG_WARN_CONSTANT_CONVERSION = YES;
				CLANG_WARN_DIRECT_OBJC_ISA_USAGE = YES_ERROR;
				CLANG_WARN_EMPTY_BODY = YES;
				CLANG_WARN_ENUM_CONVERSION = YES;
				CLANG_WARN_INT_CONVERSION = YES;
				CLANG_WARN_OBJC_ROOT_CLASS = YES_ERROR;
				CLANG_WARN_UNREACHABLE_CODE = YES;
				CLANG_WARN__DUPLICATE_METHOD_MATCH = YES;
				"CODE_SIGN_IDENTITY[sdk=iphoneos*]" = "iPhone Developer";
				COPY_PHASE_STRIP = NO;
				DEBUG_INFORMATION_FORMAT = "dwarf-with-dsym";
				ENABLE_NS_ASSERTIONS = NO;
				ENABLE_STRICT_OBJC_MSGSEND = YES;
				GCC_C_LANGUAGE_STANDARD = gnu99;
				GCC_NO_COMMON_BLOCKS = YES;
				GCC_WARN_64_TO_32_BIT_CONVERSION = YES;
				GCC_WARN_ABOUT_RETURN_TYPE = YES_ERROR;
				GCC_WARN_UNDECLARED_SELECTOR = YES;
				GCC_WARN_UNINITIALIZED_AUTOS = YES_AGGRESSIVE;
				GCC_WARN_UNUSED_FUNCTION = YES;
				GCC_WARN_UNUSED_VARIABLE = YES;
				IPHONEOS_DEPLOYMENT_TARGET = 8.4;
				MTL_ENABLE_DEBUG_INFO = NO;
				SDKROOT = iphoneos;
				TARGETED_DEVICE_FAMILY = "1,2";
				VALIDATE_PRODUCT = YES;
			};
			name = Release;
		};
		9CE863B01B80199B00E1977C /* Debug */ = {
			isa = XCBuildConfiguration;
			buildSettings = {
				ASSETCATALOG_COMPILER_APPICON_NAME = AppIcon;
				INFOPLIST_FILE = HMBTestDome/Info.plist;
				LD_RUNPATH_SEARCH_PATHS = "$(inherited) @executable_path/Frameworks";
				PRODUCT_NAME = "$(TARGET_NAME)";
			};
			name = Debug;
		};
		9CE863B11B80199B00E1977C /* Release */ = {
			isa = XCBuildConfiguration;
			buildSettings = {
				ASSETCATALOG_COMPILER_APPICON_NAME = AppIcon;
				INFOPLIST_FILE = HMBTestDome/Info.plist;
				LD_RUNPATH_SEARCH_PATHS = "$(inherited) @executable_path/Frameworks";
				PRODUCT_NAME = "$(TARGET_NAME)";
			};
			name = Release;
		};
		9CE863B31B80199B00E1977C /* Debug */ = {
			isa = XCBuildConfiguration;
			buildSettings = {
				BUNDLE_LOADER = "$(TEST_HOST)";
				FRAMEWORK_SEARCH_PATHS = (
					"$(SDKROOT)/Developer/Library/Frameworks",
					"$(inherited)",
				);
				GCC_PREPROCESSOR_DEFINITIONS = (
					"DEBUG=1",
					"$(inherited)",
				);
				INFOPLIST_FILE = HMBTestDomeTests/Info.plist;
				LD_RUNPATH_SEARCH_PATHS = "$(inherited) @executable_path/Frameworks @loader_path/Frameworks";
				PRODUCT_NAME = "$(TARGET_NAME)";
				TEST_HOST = "$(BUILT_PRODUCTS_DIR)/HMBTestDome.app/HMBTestDome";
			};
			name = Debug;
		};
		9CE863B41B80199B00E1977C /* Release */ = {
			isa = XCBuildConfiguration;
			buildSettings = {
				BUNDLE_LOADER = "$(TEST_HOST)";
				FRAMEWORK_SEARCH_PATHS = (
					"$(SDKROOT)/Developer/Library/Frameworks",
					"$(inherited)",
				);
				INFOPLIST_FILE = HMBTestDomeTests/Info.plist;
				LD_RUNPATH_SEARCH_PATHS = "$(inherited) @executable_path/Frameworks @loader_path/Frameworks";
				PRODUCT_NAME = "$(TARGET_NAME)";
				TEST_HOST = "$(BUILT_PRODUCTS_DIR)/HMBTestDome.app/HMBTestDome";
			};
			name = Release;
		};
/* End XCBuildConfiguration section */

/* Begin XCConfigurationList section */
		9CE863871B80199B00E1977C /* Build configuration list for PBXProject "HMBTestDome" */ = {
			isa = XCConfigurationList;
			buildConfigurations = (
				9CE863AD1B80199B00E1977C /* Debug */,
				9CE863AE1B80199B00E1977C /* Release */,
			);
			defaultConfigurationIsVisible = 0;
			defaultConfigurationName = Release;
		};
		9CE863AF1B80199B00E1977C /* Build configuration list for PBXNativeTarget "HMBTestDome" */ = {
			isa = XCConfigurationList;
			buildConfigurations = (
				9CE863B01B80199B00E1977C /* Debug */,
				9CE863B11B80199B00E1977C /* Release */,
			);
			defaultConfigurationIsVisible = 0;
		};
		9CE863B21B80199B00E1977C /* Build configuration list for PBXNativeTarget "HMBTestDomeTests" */ = {
			isa = XCConfigurationList;
			buildConfigurations = (
				9CE863B31B80199B00E1977C /* Debug */,
				9CE863B41B80199B00E1977C /* Release */,
			);
			defaultConfigurationIsVisible = 0;
		};
/* End XCConfigurationList section */
	};
	rootObject = 9CE863841B80199B00E1977C /* Project object */;
}
